
Microsoft Visual Studio Solution File, Format Version 12.00
# Visual Studio Version 17
VisualStudioVersion = 17.0.32112.339
MinimumVisualStudioVersion = 10.0.40219.1
Project("{9A19103F-16F7-4668-BE54-9A1E7A4F7556}") = "TradingEngineServer", "TradingEngineServer.csproj", "{1A131774-6C84-4807-A141-FF17ED46621C}"
EndProject
Project("{9A19103F-16F7-4668-BE54-9A1E7A4F7556}") = "Logging", "..\Logging\Logging\Logging.csproj", "{6F608E7D-F852-4BA3-9549-CBA8F767F418}"
EndProject
Project("{9A19103F-16F7-4668-BE54-9A1E7A4F7556}") = "Instrument", "..\Instrument\Instrument.csproj", "{35A68ACD-8B15-4DD3-A0FB-22DDDAA21515}"
EndProject
Project("{9A19103F-16F7-4668-BE54-9A1E7A4F7556}") = "Orders", "..\Orders\Orders.csproj", "{AC9AEAE4-D187-422A-AA84-0960B06EA3FC}"
EndProject
Project("{FAE04EC0-301F-11D3-BF4B-00C04F79EFBC}") = "OrderBook", "..\OrderBook\OrderBook.csproj", "{8E92D5E8-22E5-45E4-812E-ADB83A9BC0F0}"
EndProject
Global
	GlobalSection(SolutionConfigurationPlatforms) = preSolution
		Debug|Any CPU = Debug|Any CPU
		Release|Any CPU = Release|Any CPU
	EndGlobalSection
	GlobalSection(ProjectConfigurationPlatforms) = postSolution
		{1A131774-6C84-4807-A141-FF17ED46621C}.Debug|Any CPU.ActiveCfg = Debug|Any CPU
		{1A131774-6C84-4807-A141-FF17ED46621C}.Debug|Any CPU.Build.0 = Debug|Any CPU
		{1A131774-6C84-4807-A141-FF17ED46621C}.Release|Any CPU.ActiveCfg = Release|Any CPU
		{1A131774-6C84-4807-A141-FF17ED46621C}.Release|Any CPU.Build.0 = Release|Any CPU
		{6F608E7D-F852-4BA3-9549-CBA8F767F418}.Debug|Any CPU.ActiveCfg = Debug|Any CPU
		{6F608E7D-F852-4BA3-9549-CBA8F767F418}.Debug|Any CPU.Build.0 = Debug|Any CPU
		{6F608E7D-F852-4BA3-9549-CBA8F767F418}.Release|Any CPU.ActiveCfg = Release|Any CPU
		{6F608E7D-F852-4BA3-9549-CBA8F767F418}.Release|Any CPU.Build.0 = Release|Any CPU
		{35A68ACD-8B15-4DD3-A0FB-22DDDAA21515}.Debug|Any CPU.ActiveCfg = Debug|Any CPU
		{35A68ACD-8B15-4DD3-A0FB-22DDDAA21515}.Debug|Any CPU.Build.0 = Debug|Any CPU
		{35A68ACD-8B15-4DD3-A0FB-22DDDAA21515}.Release|Any CPU.ActiveCfg = Release|Any CPU
		{35A68ACD-8B15-4DD3-A0FB-22DDDAA21515}.Release|Any CPU.Build.0 = Release|Any CPU
		{AC9AEAE4-D187-422A-AA84-0960B06EA3FC}.Debug|Any CPU.ActiveCfg = Debug|Any CPU
		{AC9AEAE4-D187-422A-AA84-0960B06EA3FC}.Debug|Any CPU.Build.0 = Debug|Any CPU
		{AC9AEAE4-D187-422A-AA84-0960B06EA3FC}.Release|Any CPU.ActiveCfg = Release|Any CPU
		{AC9AEAE4-D187-422A-AA84-0960B06EA3FC}.Release|Any CPU.Build.0 = Release|Any CPU
		{8E92D5E8-22E5-45E4-812E-ADB83A9BC0F0}.Debug|Any CPU.ActiveCfg = Debug|Any CPU
		{8E92D5E8-22E5-45E4-812E-ADB83A9BC0F0}.Debug|Any CPU.Build.0 = Debug|Any CPU
		{8E92D5E8-22E5-45E4-812E-ADB83A9BC0F0}.Release|Any CPU.ActiveCfg = Release|Any CPU
		{8E92D5E8-22E5-45E4-812E-ADB83A9BC0F0}.Release|Any CPU.Build.0 = Release|Any CPU
	EndGlobalSection
	GlobalSection(SolutionProperties) = preSolution
		HideSolutionNode = FALSE
	EndGlobalSection
	GlobalSection(ExtensibilityGlobals) = postSolution
		SolutionGuid = {2FBC4BD0-92FC-4C68-A7DF-AFE103361F34}
	EndGlobalSection
EndGlobal
